
Microsoft Visual Studio Solution File, Format Version 12.00
# Visual Studio Version 16
VisualStudioVersion = 16.0.30413.136
MinimumVisualStudioVersion = 10.0.40219.1
Project("{FAE04EC0-301F-11D3-BF4B-00C04F79EFBC}") = "BookShelf", "BookShelf\BookShelf.csproj", "{207528A0-4586-46EA-879F-A9BFD2DDB6AA}"
EndProject
Global
	GlobalSection(SolutionConfigurationPlatforms) = preSolution
		Debug|Any CPU = Debug|Any CPU
		Release|Any CPU = Release|Any CPU
	EndGlobalSection
	GlobalSection(ProjectConfigurationPlatforms) = postSolution
		{207528A0-4586-46EA-879F-A9BFD2DDB6AA}.Debug|Any CPU.ActiveCfg = Debug|Any CPU
		{207528A0-4586-46EA-879F-A9BFD2DDB6AA}.Debug|Any CPU.Build.0 = Debug|Any CPU
		{207528A0-4586-46EA-879F-A9BFD2DDB6AA}.Release|Any CPU.ActiveCfg = Release|Any CPU
		{207528A0-4586-46EA-879F-A9BFD2DDB6AA}.Release|Any CPU.Build.0 = Release|Any CPU
	EndGlobalSection
	GlobalSection(SolutionProperties) = preSolution
		HideSolutionNode = FALSE
	EndGlobalSection
	GlobalSection(ExtensibilityGlobals) = postSolution
		SolutionGuid = {E6A2410A-668F-417F-9D5B-731608809D9C}
	EndGlobalSection
EndGlobal
